
Microsoft Visual Studio Solution File, Format Version 12.00
# Visual Studio Version 17
VisualStudioVersion = 17.8.34511.84
MinimumVisualStudioVersion = 10.0.40219.1
Project("{FAE04EC0-301F-11D3-BF4B-00C04F79EFBC}") = "WebsiteBanHang", "WebsiteBanHang\WebsiteBanHang.csproj", "{490A658A-D43F-453A-A13E-AA4EDC0F84AE}"
EndProject
Global
	GlobalSection(SolutionConfigurationPlatforms) = preSolution
		Debug|Any CPU = Debug|Any CPU
		Release|Any CPU = Release|Any CPU
	EndGlobalSection
	GlobalSection(ProjectConfigurationPlatforms) = postSolution
		{490A658A-D43F-453A-A13E-AA4EDC0F84AE}.Debug|Any CPU.ActiveCfg = Debug|Any CPU
		{490A658A-D43F-453A-A13E-AA4EDC0F84AE}.Debug|Any CPU.Build.0 = Debug|Any CPU
		{490A658A-D43F-453A-A13E-AA4EDC0F84AE}.Release|Any CPU.ActiveCfg = Release|Any CPU
		{490A658A-D43F-453A-A13E-AA4EDC0F84AE}.Release|Any CPU.Build.0 = Release|Any CPU
	EndGlobalSection
	GlobalSection(SolutionProperties) = preSolution
		HideSolutionNode = FALSE
	EndGlobalSection
	GlobalSection(ExtensibilityGlobals) = postSolution
		SolutionGuid = {65605904-6E90-480E-AADE-ED78016EC06C}
	EndGlobalSection
EndGlobal
